{
  "name": "spell-check-camel",
  "version": "0.1.0",
  "lockfileVersion": 1,
  "requires": true,
  "dependencies": {
    "nan": {
      "version": "https://registry.npmjs.org/nan/-/nan-2.5.0.tgz",
      "integrity": "sha1-qo8eNFMdgH6eJ3VbI0tKbsDBUqg="
    },
    "spellchecker": {
      "version": "https://registry.npmjs.org/spellchecker/-/spellchecker-3.3.1.tgz",
      "integrity": "sha1-/A7SttfHja8iwFVIIRFxMxQg2gY=",
      "requires": {
        "nan": "https://registry.npmjs.org/nan/-/nan-2.5.0.tgz"
      }
    }
  }
}
